Microsoft Visual Studio Solution File, Format Version 11.00
# Visual Studio 2008

Project("{42C10A39-2DD9-AC17-6C50-9D6A6D39F90F}") = "ComputerVIsionUROP", "Assembly-CSharp.csproj", "{B5342C9E-CE74-FB38-8A96-BEB2797ED0F8}"
EndProject
Global
	GlobalSection(SolutionConfigurationPlatforms) = preSolution
		Debug|Any CPU = Debug|Any CPU
		Release|Any CPU = Release|Any CPU
	EndGlobalSection
	GlobalSection(ProjectConfigurationPlatforms) = postSolution
		{B5342C9E-CE74-FB38-8A96-BEB2797ED0F8}.Debug|Any CPU.ActiveCfg = Debug|Any CPU
		{B5342C9E-CE74-FB38-8A96-BEB2797ED0F8}.Debug|Any CPU.Build.0 = Debug|Any CPU
		{B5342C9E-CE74-FB38-8A96-BEB2797ED0F8}.Release|Any CPU.ActiveCfg = Release|Any CPU
		{B5342C9E-CE74-FB38-8A96-BEB2797ED0F8}.Release|Any CPU.Build.0 = Release|Any CPU
	EndGlobalSection
	GlobalSection(SolutionProperties) = preSolution
		HideSolutionNode = FALSE
	EndGlobalSection
	GlobalSection(MonoDevelopProperties) = preSolution
		StartupItem = Assembly-CSharp.csproj
	EndGlobalSection
EndGlobal
